
Microsoft Visual Studio Solution File, Format Version 12.00
# Visual Studio Version 17
VisualStudioVersion = 17.4.33205.214
MinimumVisualStudioVersion = 10.0.40219.1
Project("{FAE04EC0-301F-11D3-BF4B-00C04F79EFBC}") = "HumanResources.Web", "HumanResources.Web\HumanResources.Web.csproj", "{F6AEE7A2-017E-4D2C-8291-845843E48276}"
EndProject
Global
	GlobalSection(SolutionConfigurationPlatforms) = preSolution
		Debug|Any CPU = Debug|Any CPU
		Release|Any CPU = Release|Any CPU
	EndGlobalSection
	GlobalSection(ProjectConfigurationPlatforms) = postSolution
		{F6AEE7A2-017E-4D2C-8291-845843E48276}.Debug|Any CPU.ActiveCfg = Debug|Any CPU
		{F6AEE7A2-017E-4D2C-8291-845843E48276}.Debug|Any CPU.Build.0 = Debug|Any CPU
		{F6AEE7A2-017E-4D2C-8291-845843E48276}.Release|Any CPU.ActiveCfg = Release|Any CPU
		{F6AEE7A2-017E-4D2C-8291-845843E48276}.Release|Any CPU.Build.0 = Release|Any CPU
	EndGlobalSection
	GlobalSection(SolutionProperties) = preSolution
		HideSolutionNode = FALSE
	EndGlobalSection
	GlobalSection(ExtensibilityGlobals) = postSolution
		SolutionGuid = {1B9ED664-D6ED-4B23-ABA0-90FAA675DCE3}
	EndGlobalSection
EndGlobal
